
Microsoft Visual Studio Solution File, Format Version 12.00
# Visual Studio Version 17
VisualStudioVersion = 17.13.35818.85
MinimumVisualStudioVersion = 10.0.40219.1
Project("{2150E333-8FDC-42A3-9474-1A3956D46DE8}") = "ソリューション項目", "ソリューション項目", "{2022CB0F-8BAF-F49E-0C48-8EF4C96EC109}"
	ProjectSection(SolutionItems) = preProject
		README.md = README.md
	EndProjectSection
EndProject
Project("{2150E333-8FDC-42A3-9474-1A3956D46DE8}") = "yuima_yblo", "yuima_yblo", "{DDB4EF12-CC4E-5E88-E6FC-71A802F4DE97}"
	ProjectSection(SolutionItems) = preProject
		yuima_yblo\001-大寒.md = yuima_yblo\001-大寒.md
		yuima_yblo\005-はじめまして、デイジーです.md = yuima_yblo\005-はじめまして、デイジーです.md
		yuima_yblo\007-立春.md = yuima_yblo\007-立春.md
		yuima_yblo\008-十万石まんじゅう県に住んでいます.md = yuima_yblo\008-十万石まんじゅう県に住んでいます.md
		yuima_yblo\009-雨水.md = yuima_yblo\009-雨水.md
		yuima_yblo\010-このAI画像を作ったのは誰だぁ！.md = yuima_yblo\010-このAI画像を作ったのは誰だぁ！.md
		yuima_yblo\README.md = yuima_yblo\README.md
	EndProjectSection
EndProject
Project("{2150E333-8FDC-42A3-9474-1A3956D46DE8}") = "ai_qa", "ai_qa", "{1A27C0F0-4415-47D0-9A70-C8A6DCDF0043}"
	ProjectSection(SolutionItems) = preProject
		ai_qa\GitHubでフォルダごとにREADMEを置けますか.md = ai_qa\GitHubでフォルダごとにREADMEを置けますか.md
		ai_qa\Go言語のtime.Format()のフォーマット記号.md = ai_qa\Go言語のtime.Format()のフォーマット記号.md
		ai_qa\markd.jsの機能拡張-画像サイズ指定.md = ai_qa\markd.jsの機能拡張-画像サイズ指定.md
		ai_qa\README.md = ai_qa\README.md
	EndProjectSection
EndProject
Project("{2150E333-8FDC-42A3-9474-1A3956D46DE8}") = "mbsd", "mbsd", "{2A6628EF-E680-4B0E-97B2-5B610C1D2BA6}"
EndProject
Project("{2150E333-8FDC-42A3-9474-1A3956D46DE8}") = "tkinter", "tkinter", "{CDF49CBB-F26B-46AD-AE27-6E8A47C01632}"
	ProjectSection(SolutionItems) = preProject
		tkinter\01-tk.md = tkinter\01-tk.md
		tkinter\02-text.md = tkinter\02-text.md
		tkinter\03-frame.md = tkinter\03-frame.md
		tkinter\04-button.md = tkinter\04-button.md
		tkinter\about.md = tkinter\about.md
		tkinter\index.md = tkinter\index.md
		tkinter\README.md = tkinter\README.md
		tkinter\style.css = tkinter\style.css
	EndProjectSection
EndProject
Project("{2150E333-8FDC-42A3-9474-1A3956D46DE8}") = "img", "img", "{3050ABB1-1B5A-4F53-A267-0BD9B4018ED9}"
	ProjectSection(SolutionItems) = preProject
		tkinter\img\00-mask.png = tkinter\img\00-mask.png
		tkinter\img\01-tk-01.png = tkinter\img\01-tk-01.png
		tkinter\img\02-text-01.png = tkinter\img\02-text-01.png
		tkinter\img\03-frame-01.png = tkinter\img\03-frame-01.png
		tkinter\img\favicon.ico = tkinter\img\favicon.ico
	EndProjectSection
EndProject
Global
	GlobalSection(SolutionProperties) = preSolution
		HideSolutionNode = FALSE
	EndGlobalSection
	GlobalSection(NestedProjects) = preSolution
		{DDB4EF12-CC4E-5E88-E6FC-71A802F4DE97} = {2022CB0F-8BAF-F49E-0C48-8EF4C96EC109}
		{1A27C0F0-4415-47D0-9A70-C8A6DCDF0043} = {2022CB0F-8BAF-F49E-0C48-8EF4C96EC109}
		{2A6628EF-E680-4B0E-97B2-5B610C1D2BA6} = {2022CB0F-8BAF-F49E-0C48-8EF4C96EC109}
		{CDF49CBB-F26B-46AD-AE27-6E8A47C01632} = {2022CB0F-8BAF-F49E-0C48-8EF4C96EC109}
		{3050ABB1-1B5A-4F53-A267-0BD9B4018ED9} = {CDF49CBB-F26B-46AD-AE27-6E8A47C01632}
	EndGlobalSection
	GlobalSection(ExtensibilityGlobals) = postSolution
		SolutionGuid = {AA4FB292-DEE5-488F-AB9F-F0A3A7C4B3A8}
	EndGlobalSection
EndGlobal
